// !$*UTF8*$!
{
	archiveVersion = 1;
	classes = {
	};
	objectVersion = 50;
	objects = {

/* Begin PBXBuildFile section */
		0462BA592650E034000BC9CA /* AppDelegate.swift in Sources */ = {isa = PBXBuildFile; fileRef = 0462BA582650E034000BC9CA /* AppDelegate.swift */; };
		0462BA5B2650E034000BC9CA /* SceneDelegate.swift in Sources */ = {isa = PBXBuildFile; fileRef = 0462BA5A2650E034000BC9CA /* SceneDelegate.swift */; };
		0462BA5D2650E034000BC9CA /* ViewController.swift in Sources */ = {isa = PBXBuildFile; fileRef = 0462BA5C2650E034000BC9CA /* ViewController.swift */; };
		0462BA602650E034000BC9CA /* Main.storyboard in Resources */ = {isa = PBXBuildFile; fileRef = 0462BA5E2650E034000BC9CA /* Main.storyboard */; };
		0462BA622650E036000BC9CA /* Assets.xcassets in Resources */ = {isa = PBXBuildFile; fileRef = 0462BA612650E036000BC9CA /* Assets.xcassets */; };
		0462BA652650E036000BC9CA /* LaunchScreen.storyboard in Resources */ = {isa = PBXBuildFile; fileRef = 0462BA632650E036000BC9CA /* LaunchScreen.storyboard */; };
		0462BA702650E036000BC9CA /* myNSWweatherTests.swift in Sources */ = {isa = PBXBuildFile; fileRef = 0462BA6F2650E036000BC9CA /* myNSWweatherTests.swift */; };
		0462BA7B2650E036000BC9CA /* myNSWweatherUITests.swift in Sources */ = {isa = PBXBuildFile; fileRef = 0462BA7A2650E036000BC9CA /* myNSWweatherUITests.swift */; };
/* End PBXBuildFile section */

/* Begin PBXContainerItemProxy section */
		0462BA6C2650E036000BC9CA /* PBXContainerItemProxy */ = {
			isa = PBXContainerItemProxy;
			containerPortal = 0462BA4D2650E034000BC9CA /* Project object */;
			proxyType = 1;
			remoteGlobalIDString = 0462BA542650E034000BC9CA;
			remoteInfo = myNSWweather;
		};
		0462BA772650E036000BC9CA /* PBXContainerItemProxy */ = {
			isa = PBXContainerItemProxy;
			containerPortal = 0462BA4D2650E034000BC9CA /* Project object */;
			proxyType = 1;
			remoteGlobalIDString = 0462BA542650E034000BC9CA;
			remoteInfo = myNSWweather;
		};
/* End PBXContainerItemProxy section */

/* Begin PBXFileReference section */
		0462BA552650E034000BC9CA /* myNSWweather.app */ = {isa = PBXFileReference; explicitFileType = wrapper.application; includeInIndex = 0; path = myNSWweather.app; sourceTree = BUILT_PRODUCTS_DIR; };
		0462BA582650E034000BC9CA /* AppDelegate.swift */ = {isa = PBXFileReference; lastKnownFileType = sourcecode.swift; path = AppDelegate.swift; sourceTree = "<group>"; };
		0462BA5A2650E034000BC9CA /* SceneDelegate.swift */ = {isa = PBXFileReference; lastKnownFileType = sourcecode.swift; path = SceneDelegate.swift; sourceTree = "<group>"; };
		0462BA5C2650E034000BC9CA /* ViewController.swift */ = {isa = PBXFileReference; lastKnownFileType = sourcecode.swift; path = ViewController.swift; sourceTree = "<group>"; };
		0462BA5F2650E034000BC9CA /* Base */ = {isa = PBXFileReference; lastKnownFileType = file.storyboard; name = Base; path = Base.lproj/Main.storyboard; sourceTree = "<group>"; };
		0462BA612650E036000BC9CA /* Assets.xcassets */ = {isa = PBXFileReference; lastKnownFileType = folder.assetcatalog; path = Assets.xcassets; sourceTree = "<group>"; };
		0462BA642650E036000BC9CA /* Base */ = {isa = PBXFileReference; lastKnownFileType = file.storyboard; name = Base; path = Base.lproj/LaunchScreen.storyboard; sourceTree = "<group>"; };
		0462BA662650E036000BC9CA /* Info.plist */ = {isa = PBXFileReference; lastKnownFileType = text.plist.xml; path = Info.plist; sourceTree = "<group>"; };
		0462BA6B2650E036000BC9CA /* myNSWweatherTests.xctest */ = {isa = PBXFileReference; explicitFileType = wrapper.cfbundle; includeInIndex = 0; path = myNSWweatherTests.xctest; sourceTree = BUILT_PRODUCTS_DIR; };
		0462BA6F2650E036000BC9CA /* myNSWweatherTests.swift */ = {isa = PBXFileReference; lastKnownFileType = sourcecode.swift; path = myNSWweatherTests.swift; sourceTree = "<group>"; };
		0462BA712650E036000BC9CA /* Info.plist */ = {isa = PBXFileReference; lastKnownFileType = text.plist.xml; path = Info.plist; sourceTree = "<group>"; };
		0462BA762650E036000BC9CA /* myNSWweatherUITests.xctest */ = {isa = PBXFileReference; explicitFileType = wrapper.cfbundle; includeInIndex = 0; path = myNSWweatherUITests.xctest; sourceTree = BUILT_PRODUCTS_DIR; };
		0462BA7A2650E036000BC9CA /* myNSWweatherUITests.swift */ = {isa = PBXFileReference; lastKnownFileType = sourcecode.swift; path = myNSWweatherUITests.swift; sourceTree = "<group>"; };
		0462BA7C2650E036000BC9CA /* Info.plist */ = {isa = PBXFileReference; lastKnownFileType = text.plist.xml; path = Info.plist; sourceTree = "<group>"; };
/* End PBXFileReference section */

/* Begin PBXFrameworksBuildPhase section */
		0462BA522650E034000BC9CA /* Frameworks */ = {
			isa = PBXFrameworksBuildPhase;
			buildActionMask = 2147483647;
			files = (
			);
			runOnlyForDeploymentPostprocessing = 0;
		};
		0462BA682650E036000BC9CA /* Frameworks */ = {
			isa = PBXFrameworksBuildPhase;
			buildActionMask = 2147483647;
			files = (
			);
			runOnlyForDeploymentPostprocessing = 0;
		};
		0462BA732650E036000BC9CA /* Frameworks */ = {
			isa = PBXFrameworksBuildPhase;
			buildActionMask = 2147483647;
			files = (
			);
			runOnlyForDeploymentPostprocessing = 0;
		};
/* End PBXFrameworksBuildPhase section */

/* Begin PBXGroup section */
		0462BA4C2650E034000BC9CA = {
			isa = PBXGroup;
			children = (
				0462BA572650E034000BC9CA /* myNSWweather */,
				0462BA6E2650E036000BC9CA /* myNSWweatherTests */,
				0462BA792650E036000BC9CA /* myNSWweatherUITests */,
				0462BA562650E034000BC9CA /* Products */,
			);
			sourceTree = "<group>";
		};
		0462BA562650E034000BC9CA /* Products */ = {
			isa = PBXGroup;
			children = (
				0462BA552650E034000BC9CA /* myNSWweather.app */,
				0462BA6B2650E036000BC9CA /* myNSWweatherTests.xctest */,
				0462BA762650E036000BC9CA /* myNSWweatherUITests.xctest */,
			);
			name = Products;
			sourceTree = "<group>";
		};
		0462BA572650E034000BC9CA /* myNSWweather */ = {
			isa = PBXGroup;
			children = (
				0462BA582650E034000BC9CA /* AppDelegate.swift */,
				0462BA5A2650E034000BC9CA /* SceneDelegate.swift */,
				0462BA5C2650E034000BC9CA /* ViewController.swift */,
				0462BA5E2650E034000BC9CA /* Main.storyboard */,
				0462BA612650E036000BC9CA /* Assets.xcassets */,
				0462BA632650E036000BC9CA /* LaunchScreen.storyboard */,
				0462BA662650E036000BC9CA /* Info.plist */,
			);
			path = myNSWweather;
			sourceTree = "<group>";
		};
		0462BA6E2650E036000BC9CA /* myNSWweatherTests */ = {
			isa = PBXGroup;
			children = (
				0462BA6F2650E036000BC9CA /* myNSWweatherTests.swift */,
				0462BA712650E036000BC9CA /* Info.plist */,
			);
			path = myNSWweatherTests;
			sourceTree = "<group>";
		};
		0462BA792650E036000BC9CA /* myNSWweatherUITests */ = {
			isa = PBXGroup;
			children = (
				0462BA7A2650E036000BC9CA /* myNSWweatherUITests.swift */,
				0462BA7C2650E036000BC9CA /* Info.plist */,
			);
			path = myNSWweatherUITests;
			sourceTree = "<group>";
		};
/* End PBXGroup section */

/* Begin PBXNativeTarget section */
		0462BA542650E034000BC9CA /* myNSWweather */ = {
			isa = PBXNativeTarget;
			buildConfigurationList = 0462BA7F2650E036000BC9CA /* Build configuration list for PBXNativeTarget "myNSWweather" */;
			buildPhases = (
				0462BA512650E034000BC9CA /* Sources */,
				0462BA522650E034000BC9CA /* Frameworks */,
				0462BA532650E034000BC9CA /* Resources */,
			);
			buildRules = (
			);
			dependencies = (
			);
			name = myNSWweather;
			productName = myNSWweather;
			productReference = 0462BA552650E034000BC9CA /* myNSWweather.app */;
			productType = "com.apple.product-type.application";
		};
		0462BA6A2650E036000BC9CA /* myNSWweatherTests */ = {
			isa = PBXNativeTarget;
			buildConfigurationList = 0462BA822650E036000BC9CA /* Build configuration list for PBXNativeTarget "myNSWweatherTests" */;
			buildPhases = (
				0462BA672650E036000BC9CA /* Sources */,
				0462BA682650E036000BC9CA /* Frameworks */,
				0462BA692650E036000BC9CA /* Resources */,
			);
			buildRules = (
			);
			dependencies = (
				0462BA6D2650E036000BC9CA /* PBXTargetDependency */,
			);
			name = myNSWweatherTests;
			productName = myNSWweatherTests;
			productReference = 0462BA6B2650E036000BC9CA /* myNSWweatherTests.xctest */;
			productType = "com.apple.product-type.bundle.unit-test";
		};
		0462BA752650E036000BC9CA /* myNSWweatherUITests */ = {
			isa = PBXNativeTarget;
			buildConfigurationList = 0462BA852650E036000BC9CA /* Build configuration list for PBXNativeTarget "myNSWweatherUITests" */;
			buildPhases = (
				0462BA722650E036000BC9CA /* Sources */,
				0462BA732650E036000BC9CA /* Frameworks */,
				0462BA742650E036000BC9CA /* Resources */,
			);
			buildRules = (
			);
			dependencies = (
				0462BA782650E036000BC9CA /* PBXTargetDependency */,
			);
			name = myNSWweatherUITests;
			productName = myNSWweatherUITests;
			productReference = 0462BA762650E036000BC9CA /* myNSWweatherUITests.xctest */;
			productType = "com.apple.product-type.bundle.ui-testing";
		};
/* End PBXNativeTarget section */

/* Begin PBXProject section */
		0462BA4D2650E034000BC9CA /* Project object */ = {
			isa = PBXProject;
			attributes = {
				LastSwiftUpdateCheck = 1250;
				LastUpgradeCheck = 1250;
				TargetAttributes = {
					0462BA542650E034000BC9CA = {
						CreatedOnToolsVersion = 12.5;
					};
					0462BA6A2650E036000BC9CA = {
						CreatedOnToolsVersion = 12.5;
						TestTargetID = 0462BA542650E034000BC9CA;
					};
					0462BA752650E036000BC9CA = {
						CreatedOnToolsVersion = 12.5;
						TestTargetID = 0462BA542650E034000BC9CA;
					};
				};
			};
			buildConfigurationList = 0462BA502650E034000BC9CA /* Build configuration list for PBXProject "myNSWweather" */;
			compatibilityVersion = "Xcode 9.3";
			developmentRegion = en;
			hasScannedForEncodings = 0;
			knownRegions = (
				en,
				Base,
			);
			mainGroup = 0462BA4C2650E034000BC9CA;
			productRefGroup = 0462BA562650E034000BC9CA /* Products */;
			projectDirPath = "";
			projectRoot = "";
			targets = (
				0462BA542650E034000BC9CA /* myNSWweather */,
				0462BA6A2650E036000BC9CA /* myNSWweatherTests */,
				0462BA752650E036000BC9CA /* myNSWweatherUITests */,
			);
		};
/* End PBXProject section */

/* Begin PBXResourcesBuildPhase section */
		0462BA532650E034000BC9CA /* Resources */ = {
			isa = PBXResourcesBuildPhase;
			buildActionMask = 2147483647;
			files = (
				0462BA652650E036000BC9CA /* LaunchScreen.storyboard in Resources */,
				0462BA622650E036000BC9CA /* Assets.xcassets in Resources */,
				0462BA602650E034000BC9CA /* Main.storyboard in Resources */,
			);
			runOnlyForDeploymentPostprocessing = 0;
		};
		0462BA692650E036000BC9CA /* Resources */ = {
			isa = PBXResourcesBuildPhase;
			buildActionMask = 2147483647;
			files = (
			);
			runOnlyForDeploymentPostprocessing = 0;
		};
		0462BA742650E036000BC9CA /* Resources */ = {
			isa = PBXResourcesBuildPhase;
			buildActionMask = 2147483647;
			files = (
			);
			runOnlyForDeploymentPostprocessing = 0;
		};
/* End PBXResourcesBuildPhase section */

/* Begin PBXSourcesBuildPhase section */
		0462BA512650E034000BC9CA /* Sources */ = {
			isa = PBXSourcesBuildPhase;
			buildActionMask = 2147483647;
			files = (
				0462BA5D2650E034000BC9CA /* ViewController.swift in Sources */,
				0462BA592650E034000BC9CA /* AppDelegate.swift in Sources */,
				0462BA5B2650E034000BC9CA /* SceneDelegate.swift in Sources */,
			);
			runOnlyForDeploymentPostprocessing = 0;
		};
		0462BA672650E036000BC9CA /* Sources */ = {
			isa = PBXSourcesBuildPhase;
			buildActionMask = 2147483647;
			files = (
				0462BA702650E036000BC9CA /* myNSWweatherTests.swift in Sources */,
			);
			runOnlyForDeploymentPostprocessing = 0;
		};
		0462BA722650E036000BC9CA /* Sources */ = {
			isa = PBXSourcesBuildPhase;
			buildActionMask = 2147483647;
			files = (
				0462BA7B2650E036000BC9CA /* myNSWweatherUITests.swift in Sources */,
			);
			runOnlyForDeploymentPostprocessing = 0;
		};
/* End PBXSourcesBuildPhase section */

/* Begin PBXTargetDependency section */
		0462BA6D2650E036000BC9CA /* PBXTargetDependency */ = {
			isa = PBXTargetDependency;
			target = 0462BA542650E034000BC9CA /* myNSWweather */;
			targetProxy = 0462BA6C2650E036000BC9CA /* PBXContainerItemProxy */;
		};
		0462BA782650E036000BC9CA /* PBXTargetDependency */ = {
			isa = PBXTargetDependency;
			target = 0462BA542650E034000BC9CA /* myNSWweather */;
			targetProxy = 0462BA772650E036000BC9CA /* PBXContainerItemProxy */;
		};
/* End PBXTargetDependency section */

/* Begin PBXVariantGroup section */
		0462BA5E2650E034000BC9CA /* Main.storyboard */ = {
			isa = PBXVariantGroup;
			children = (
				0462BA5F2650E034000BC9CA /* Base */,
			);
			name = Main.storyboard;
			sourceTree = "<group>";
		};
		0462BA632650E036000BC9CA /* LaunchScreen.storyboard */ = {
			isa = PBXVariantGroup;
			children = (
				0462BA642650E036000BC9CA /* Base */,
			);
			name = LaunchScreen.storyboard;
			sourceTree = "<group>";
		};
/* End PBXVariantGroup section */

/* Begin XCBuildConfiguration section */
		0462BA7D2650E036000BC9CA /* Debug */ = {
			isa = XCBuildConfiguration;
			buildSettings = {
				ALWAYS_SEARCH_USER_PATHS = NO;
				CLANG_ANALYZER_NONNULL = YES;
				CLANG_ANALYZER_NUMBER_OBJECT_CONVERSION = YES_AGGRESSIVE;
				CLANG_CXX_LANGUAGE_STANDARD = "gnu++14";
				CLANG_CXX_LIBRARY = "libc++";
				CLANG_ENABLE_MODULES = YES;
				CLANG_ENABLE_OBJC_ARC = YES;
				CLANG_ENABLE_OBJC_WEAK = YES;
				CLANG_WARN_BLOCK_CAPTURE_AUTORELEASING = YES;
				CLANG_WARN_BOOL_CONVERSION = YES;
				CLANG_WARN_COMMA = YES;
				CLANG_WARN_CONSTANT_CONVERSION = YES;
				CLANG_WARN_DEPRECATED_OBJC_IMPLEMENTATIONS = YES;
				CLANG_WARN_DIRECT_OBJC_ISA_USAGE = YES_ERROR;
				CLANG_WARN_DOCUMENTATION_COMMENTS = YES;
				CLANG_WARN_EMPTY_BODY = YES;
				CLANG_WARN_ENUM_CONVERSION = YES;
				CLANG_WARN_INFINITE_RECURSION = YES;
				CLANG_WARN_INT_CONVERSION = YES;
				CLANG_WARN_NON_LITERAL_NULL_CONVERSION = YES;
				CLANG_WARN_OBJC_IMPLICIT_RETAIN_SELF = YES;
				CLANG_WARN_OBJC_LITERAL_CONVERSION = YES;
				CLANG_WARN_OBJC_ROOT_CLASS = YES_ERROR;
				CLANG_WARN_QUOTED_INCLUDE_IN_FRAMEWORK_HEADER = YES;
				CLANG_WARN_RANGE_LOOP_ANALYSIS = YES;
				CLANG_WARN_STRICT_PROTOTYPES = YES;
				CLANG_WARN_SUSPICIOUS_MOVE = YES;
				CLANG_WARN_UNGUARDED_AVAILABILITY = YES_AGGRESSIVE;
				CLANG_WARN_UNREACHABLE_CODE = YES;
				CLANG_WARN__DUPLICATE_METHOD_MATCH = YES;
				COPY_PHASE_STRIP = NO;
				DEBUG_INFORMATION_FORMAT = dwarf;
				ENABLE_STRICT_OBJC_MSGSEND = YES;
				ENABLE_TESTABILITY = YES;
				GCC_C_LANGUAGE_STANDARD = gnu11;
				GCC_DYNAMIC_NO_PIC = NO;
				GCC_NO_COMMON_BLOCKS = YES;
				GCC_OPTIMIZATION_LEVEL = 0;
				GCC_PREPROCESSOR_DEFINITIONS = (
					"DEBUG=1",
					"$(inherited)",
				);
				GCC_WARN_64_TO_32_BIT_CONVERSION = YES;
				GCC_WARN_ABOUT_RETURN_TYPE = YES_ERROR;
				GCC_WARN_UNDECLARED_SELECTOR = YES;
				GCC_WARN_UNINITIALIZED_AUTOS = YES_AGGRESSIVE;
				GCC_WARN_UNUSED_FUNCTION = YES;
				GCC_WARN_UNUSED_VARIABLE = YES;
				IPHONEOS_DEPLOYMENT_TARGET = 14.5;
				MTL_ENABLE_DEBUG_INFO = INCLUDE_SOURCE;
				MTL_FAST_MATH = YES;
				ONLY_ACTIVE_ARCH = YES;
				SDKROOT = iphoneos;
				SWIFT_ACTIVE_COMPILATION_CONDITIONS = DEBUG;
				SWIFT_OPTIMIZATION_LEVEL = "-Onone";
			};
			name = Debug;
		};
		0462BA7E2650E036000BC9CA /* Release */ = {
			isa = XCBuildConfiguration;
			buildSettings = {
				ALWAYS_SEARCH_USER_PATHS = NO;
				CLANG_ANALYZER_NONNULL = YES;
				CLANG_ANALYZER_NUMBER_OBJECT_CONVERSION = YES_AGGRESSIVE;
				CLANG_CXX_LANGUAGE_STANDARD = "gnu++14";
				CLANG_CXX_LIBRARY = "libc++";
				CLANG_ENABLE_MODULES = YES;
				CLANG_ENABLE_OBJC_ARC = YES;
				CLANG_ENABLE_OBJC_WEAK = YES;
				CLANG_WARN_BLOCK_CAPTURE_AUTORELEASING = YES;
				CLANG_WARN_BOOL_CONVERSION = YES;
				CLANG_WARN_COMMA = YES;
				CLANG_WARN_CONSTANT_CONVERSION = YES;
				CLANG_WARN_DEPRECATED_OBJC_IMPLEMENTATIONS = YES;
				CLANG_WARN_DIRECT_OBJC_ISA_USAGE = YES_ERROR;
				CLANG_WARN_DOCUMENTATION_COMMENTS = YES;
				CLANG_WARN_EMPTY_BODY = YES;
				CLANG_WARN_ENUM_CONVERSION = YES;
				CLANG_WARN_INFINITE_RECURSION = YES;
				CLANG_WARN_INT_CONVERSION = YES;
				CLANG_WARN_NON_LITERAL_NULL_CONVERSION = YES;
				CLANG_WARN_OBJC_IMPLICIT_RETAIN_SELF = YES;
				CLANG_WARN_OBJC_LITERAL_CONVERSION = YES;
				CLANG_WARN_OBJC_ROOT_CLASS = YES_ERROR;
				CLANG_WARN_QUOTED_INCLUDE_IN_FRAMEWORK_HEADER = YES;
				CLANG_WARN_RANGE_LOOP_ANALYSIS = YES;
				CLANG_WARN_STRICT_PROTOTYPES = YES;
				CLANG_WARN_SUSPICIOUS_MOVE = YES;
				CLANG_WARN_UNGUARDED_AVAILABILITY = YES_AGGRESSIVE;
				CLANG_WARN_UNREACHABLE_CODE = YES;
				CLANG_WARN__DUPLICATE_METHOD_MATCH = YES;
				COPY_PHASE_STRIP = NO;
				DEBUG_INFORMATION_FORMAT = "dwarf-with-dsym";
				ENABLE_NS_ASSERTIONS = NO;
				ENABLE_STRICT_OBJC_MSGSEND = YES;
				GCC_C_LANGUAGE_STANDARD = gnu11;
				GCC_NO_COMMON_BLOCKS = YES;
				GCC_WARN_64_TO_32_BIT_CONVERSION = YES;
				GCC_WARN_ABOUT_RETURN_TYPE = YES_ERROR;
				GCC_WARN_UNDECLARED_SELECTOR = YES;
				GCC_WARN_UNINITIALIZED_AUTOS = YES_AGGRESSIVE;
				GCC_WARN_UNUSED_FUNCTION = YES;
				GCC_WARN_UNUSED_VARIABLE = YES;
				IPHONEOS_DEPLOYMENT_TARGET = 14.5;
				MTL_ENABLE_DEBUG_INFO = NO;
				MTL_FAST_MATH = YES;
				SDKROOT = iphoneos;
				SWIFT_COMPILATION_MODE = wholemodule;
				SWIFT_OPTIMIZATION_LEVEL = "-O";
				VALIDATE_PRODUCT = YES;
			};
			name = Release;
		};
		0462BA802650E036000BC9CA /* Debug */ = {
			isa = XCBuildConfiguration;
			buildSettings = {
				ASSETCATALOG_COMPILER_APPICON_NAME = AppIcon;
				ASSETCATALOG_COMPILER_GLOBAL_ACCENT_COLOR_NAME = AccentColor;
				CODE_SIGN_STYLE = Automatic;
				INFOPLIST_FILE = myNSWweather/Info.plist;
				LD_RUNPATH_SEARCH_PATHS = (
					"$(inherited)",
					"@executable_path/Frameworks",
				);
				PRODUCT_BUNDLE_IDENTIFIER = uts.myNSWweather;
				PRODUCT_NAME = "$(TARGET_NAME)";
				SWIFT_VERSION = 5.0;
				TARGETED_DEVICE_FAMILY = "1,2";
			};
			name = Debug;
		};
		0462BA812650E036000BC9CA /* Release */ = {
			isa = XCBuildConfiguration;
			buildSettings = {
				ASSETCATALOG_COMPILER_APPICON_NAME = AppIcon;
				ASSETCATALOG_COMPILER_GLOBAL_ACCENT_COLOR_NAME = AccentColor;
				CODE_SIGN_STYLE = Automatic;
				INFOPLIST_FILE = myNSWweather/Info.plist;
				LD_RUNPATH_SEARCH_PATHS = (
					"$(inherited)",
					"@executable_path/Frameworks",
				);
				PRODUCT_BUNDLE_IDENTIFIER = uts.myNSWweather;
				PRODUCT_NAME = "$(TARGET_NAME)";
				SWIFT_VERSION = 5.0;
				TARGETED_DEVICE_FAMILY = "1,2";
			};
			name = Release;
		};
		0462BA832650E036000BC9CA /* Debug */ = {
			isa = XCBuildConfiguration;
			buildSettings = {
				ALWAYS_EMBED_SWIFT_STANDARD_LIBRARIES = YES;
				BUNDLE_LOADER = "$(TEST_HOST)";
				CODE_SIGN_STYLE = Automatic;
				INFOPLIST_FILE = myNSWweatherTests/Info.plist;
				IPHONEOS_DEPLOYMENT_TARGET = 14.5;
				LD_RUNPATH_SEARCH_PATHS = (
					"$(inherited)",
					"@executable_path/Frameworks",
					"@loader_path/Frameworks",
				);
				PRODUCT_BUNDLE_IDENTIFIER = uts.myNSWweatherTests;
				PRODUCT_NAME = "$(TARGET_NAME)";
				SWIFT_VERSION = 5.0;
				TARGETED_DEVICE_FAMILY = "1,2";
				TEST_HOST = "$(BUILT_PRODUCTS_DIR)/myNSWweather.app/myNSWweather";
			};
			name = Debug;
		};
		0462BA842650E036000BC9CA /* Release */ = {
			isa = XCBuildConfiguration;
			buildSettings = {
				ALWAYS_EMBED_SWIFT_STANDARD_LIBRARIES = YES;
				BUNDLE_LOADER = "$(TEST_HOST)";
				CODE_SIGN_STYLE = Automatic;
				INFOPLIST_FILE = myNSWweatherTests/Info.plist;
				IPHONEOS_DEPLOYMENT_TARGET = 14.5;
				LD_RUNPATH_SEARCH_PATHS = (
					"$(inherited)",
					"@executable_path/Frameworks",
					"@loader_path/Frameworks",
				);
				PRODUCT_BUNDLE_IDENTIFIER = uts.myNSWweatherTests;
				PRODUCT_NAME = "$(TARGET_NAME)";
				SWIFT_VERSION = 5.0;
				TARGETED_DEVICE_FAMILY = "1,2";
				TEST_HOST = "$(BUILT_PRODUCTS_DIR)/myNSWweather.app/myNSWweather";
			};
			name = Release;
		};
		0462BA862650E036000BC9CA /* Debug */ = {
			isa = XCBuildConfiguration;
			buildSettings = {
				ALWAYS_EMBED_SWIFT_STANDARD_LIBRARIES = YES;
				CODE_SIGN_STYLE = Automatic;
				INFOPLIST_FILE = myNSWweatherUITests/Info.plist;
				LD_RUNPATH_SEARCH_PATHS = (
					"$(inherited)",
					"@executable_path/Frameworks",
					"@loader_path/Frameworks",
				);
				PRODUCT_BUNDLE_IDENTIFIER = uts.myNSWweatherUITests;
				PRODUCT_NAME = "$(TARGET_NAME)";
				SWIFT_VERSION = 5.0;
				TARGETED_DEVICE_FAMILY = "1,2";
				TEST_TARGET_NAME = myNSWweather;
			};
			name = Debug;
		};
		0462BA872650E036000BC9CA /* Release */ = {
			isa = XCBuildConfiguration;
			buildSettings = {
				ALWAYS_EMBED_SWIFT_STANDARD_LIBRARIES = YES;
				CODE_SIGN_STYLE = Automatic;
				INFOPLIST_FILE = myNSWweatherUITests/Info.plist;
				LD_RUNPATH_SEARCH_PATHS = (
					"$(inherited)",
					"@executable_path/Frameworks",
					"@loader_path/Frameworks",
				);
				PRODUCT_BUNDLE_IDENTIFIER = uts.myNSWweatherUITests;
				PRODUCT_NAME = "$(TARGET_NAME)";
				SWIFT_VERSION = 5.0;
				TARGETED_DEVICE_FAMILY = "1,2";
				TEST_TARGET_NAME = myNSWweather;
			};
			name = Release;
		};
/* End XCBuildConfiguration section */

/* Begin XCConfigurationList section */
		0462BA502650E034000BC9CA /* Build configuration list for PBXProject "myNSWweather" */ = {
			isa = XCConfigurationList;
			buildConfigurations = (
				0462BA7D2650E036000BC9CA /* Debug */,
				0462BA7E2650E036000BC9CA /* Release */,
			);
			defaultConfigurationIsVisible = 0;
			defaultConfigurationName = Release;
		};
		0462BA7F2650E036000BC9CA /* Build configuration list for PBXNativeTarget "myNSWweather" */ = {
			isa = XCConfigurationList;
			buildConfigurations = (
				0462BA802650E036000BC9CA /* Debug */,
				0462BA812650E036000BC9CA /* Release */,
			);
			defaultConfigurationIsVisible = 0;
			defaultConfigurationName = Release;
		};
		0462BA822650E036000BC9CA /* Build configuration list for PBXNativeTarget "myNSWweatherTests" */ = {
			isa = XCConfigurationList;
			buildConfigurations = (
				0462BA832650E036000BC9CA /* Debug */,
				0462BA842650E036000BC9CA /* Release */,
			);
			defaultConfigurationIsVisible = 0;
			defaultConfigurationName = Release;
		};
		0462BA852650E036000BC9CA /* Build configuration list for PBXNativeTarget "myNSWweatherUITests" */ = {
			isa = XCConfigurationList;
			buildConfigurations = (
				0462BA862650E036000BC9CA /* Debug */,
				0462BA872650E036000BC9CA /* Release */,
			);
			defaultConfigurationIsVisible = 0;
			defaultConfigurationName = Release;
		};
/* End XCConfigurationList section */
	};
	rootObject = 0462BA4D2650E034000BC9CA /* Project object */;
}
